
Microsoft Visual Studio Solution File, Format Version 12.00
# Visual Studio Version 16
VisualStudioVersion = 16.0.31624.102
MinimumVisualStudioVersion = 10.0.40219.1
Project("{FAE04EC0-301F-11D3-BF4B-00C04F79EFBC}") = "ICL", "ICL\ICL.csproj", "{8F2E2FAF-BC2D-4EC7-A8D7-D9406DC4463E}"
EndProject
Global
	GlobalSection(SolutionConfigurationPlatforms) = preSolution
		Debug|Any CPU = Debug|Any CPU
		Release|Any CPU = Release|Any CPU
	EndGlobalSection
	GlobalSection(ProjectConfigurationPlatforms) = postSolution
		{8F2E2FAF-BC2D-4EC7-A8D7-D9406DC4463E}.Debug|Any CPU.ActiveCfg = Debug|Any CPU
		{8F2E2FAF-BC2D-4EC7-A8D7-D9406DC4463E}.Debug|Any CPU.Build.0 = Debug|Any CPU
		{8F2E2FAF-BC2D-4EC7-A8D7-D9406DC4463E}.Release|Any CPU.ActiveCfg = Release|Any CPU
		{8F2E2FAF-BC2D-4EC7-A8D7-D9406DC4463E}.Release|Any CPU.Build.0 = Release|Any CPU
	EndGlobalSection
	GlobalSection(SolutionProperties) = preSolution
		HideSolutionNode = FALSE
	EndGlobalSection
	GlobalSection(ExtensibilityGlobals) = postSolution
		SolutionGuid = {D3D5AAEF-12AF-4637-8D5B-C55F2D9CE411}
	EndGlobalSection
EndGlobal
